{
  "name": "@pythooonuser/vscode-tui-language-support",
  "version": "0.1.0",
  "lockfileVersion": 3,
  "requires": true,
  "packages": {
    "": {
      "name": "@pythooonuser/vscode-tui-language-support",
      "version": "0.1.0",
      "engines": {
        "vscode": "^1.99.0"
      }
    }
  }
}
